
Microsoft Visual Studio Solution File, Format Version 12.00
# Visual Studio Version 16
VisualStudioVersion = 16.0.31321.278
MinimumVisualStudioVersion = 10.0.40219.1
Project("{FAE04EC0-301F-11D3-BF4B-00C04F79EFBC}") = "AutoUpdater", "AutoUpdater\AutoUpdater.csproj", "{BE76EEB1-C84E-4905-BCDA-AA84DC1F9871}"
EndProject
Global
	GlobalSection(SolutionConfigurationPlatforms) = preSolution
		Debug|Any CPU = Debug|Any CPU
		Release|Any CPU = Release|Any CPU
	EndGlobalSection
	GlobalSection(ProjectConfigurationPlatforms) = postSolution
		{BE76EEB1-C84E-4905-BCDA-AA84DC1F9871}.Debug|Any CPU.ActiveCfg = Debug|Any CPU
		{BE76EEB1-C84E-4905-BCDA-AA84DC1F9871}.Debug|Any CPU.Build.0 = Debug|Any CPU
		{BE76EEB1-C84E-4905-BCDA-AA84DC1F9871}.Release|Any CPU.ActiveCfg = Release|Any CPU
		{BE76EEB1-C84E-4905-BCDA-AA84DC1F9871}.Release|Any CPU.Build.0 = Release|Any CPU
	EndGlobalSection
	GlobalSection(SolutionProperties) = preSolution
		HideSolutionNode = FALSE
	EndGlobalSection
	GlobalSection(ExtensibilityGlobals) = postSolution
		SolutionGuid = {57C9F4D8-AE08-4EED-ADF4-7AD76FB88F06}
	EndGlobalSection
EndGlobal
